Microsoft Visual Studio Solution File, Format Version 11.00
# Visual Studio 2008

Project("{995B0754-FCEA-D312-6CC4-5DF8D7B31E54}") = "magica_voxel", "Assembly-CSharp-firstpass.csproj", "{5D5E10C4-DECA-C938-C7C3-980E2640EAAC}"
EndProject
Project("{995B0754-FCEA-D312-6CC4-5DF8D7B31E54}") = "magica_voxel", "Assembly-CSharp.csproj", "{7CE1CFD8-07BB-BBDF-8E64-47BB4733F209}"
EndProject
Project("{995B0754-FCEA-D312-6CC4-5DF8D7B31E54}") = "magica_voxel", "Assembly-CSharp-Editor-firstpass.csproj", "{F7D99B14-F75F-1736-20F7-865760A294E3}"
EndProject
Global
	GlobalSection(SolutionConfigurationPlatforms) = preSolution
		Debug|Any CPU = Debug|Any CPU
		Release|Any CPU = Release|Any CPU
	EndGlobalSection
	GlobalSection(ProjectConfigurationPlatforms) = postSolution
		{5D5E10C4-DECA-C938-C7C3-980E2640EAAC}.Debug|Any CPU.ActiveCfg = Debug|Any CPU
		{5D5E10C4-DECA-C938-C7C3-980E2640EAAC}.Debug|Any CPU.Build.0 = Debug|Any CPU
		{5D5E10C4-DECA-C938-C7C3-980E2640EAAC}.Release|Any CPU.ActiveCfg = Release|Any CPU
		{5D5E10C4-DECA-C938-C7C3-980E2640EAAC}.Release|Any CPU.Build.0 = Release|Any CPU
		{7CE1CFD8-07BB-BBDF-8E64-47BB4733F209}.Debug|Any CPU.ActiveCfg = Debug|Any CPU
		{7CE1CFD8-07BB-BBDF-8E64-47BB4733F209}.Debug|Any CPU.Build.0 = Debug|Any CPU
		{7CE1CFD8-07BB-BBDF-8E64-47BB4733F209}.Release|Any CPU.ActiveCfg = Release|Any CPU
		{7CE1CFD8-07BB-BBDF-8E64-47BB4733F209}.Release|Any CPU.Build.0 = Release|Any CPU
		{F7D99B14-F75F-1736-20F7-865760A294E3}.Debug|Any CPU.ActiveCfg = Debug|Any CPU
		{F7D99B14-F75F-1736-20F7-865760A294E3}.Debug|Any CPU.Build.0 = Debug|Any CPU
		{F7D99B14-F75F-1736-20F7-865760A294E3}.Release|Any CPU.ActiveCfg = Release|Any CPU
		{F7D99B14-F75F-1736-20F7-865760A294E3}.Release|Any CPU.Build.0 = Release|Any CPU
	EndGlobalSection
	GlobalSection(SolutionProperties) = preSolution
		HideSolutionNode = FALSE
	EndGlobalSection
	GlobalSection(MonoDevelopProperties) = preSolution
		StartupItem = Assembly-CSharp.csproj
	EndGlobalSection
EndGlobal
