Microsoft Visual Studio Solution File, Format Version 11.00
# Visual Studio 2008

Project("{BB113F6B-937F-7215-B87F-432E9D226B70}") = "unity_shaders", "Assembly-CSharp.csproj", "{9D1040AE-D0D2-D205-2819-2F2251BA0834}"
EndProject
Global
	GlobalSection(SolutionConfigurationPlatforms) = preSolution
		Debug|Any CPU = Debug|Any CPU
		Release|Any CPU = Release|Any CPU
	EndGlobalSection
	GlobalSection(ProjectConfigurationPlatforms) = postSolution
		{9D1040AE-D0D2-D205-2819-2F2251BA0834}.Debug|Any CPU.ActiveCfg = Debug|Any CPU
		{9D1040AE-D0D2-D205-2819-2F2251BA0834}.Debug|Any CPU.Build.0 = Debug|Any CPU
		{9D1040AE-D0D2-D205-2819-2F2251BA0834}.Release|Any CPU.ActiveCfg = Release|Any CPU
		{9D1040AE-D0D2-D205-2819-2F2251BA0834}.Release|Any CPU.Build.0 = Release|Any CPU
	EndGlobalSection
	GlobalSection(SolutionProperties) = preSolution
		HideSolutionNode = FALSE
	EndGlobalSection
	GlobalSection(MonoDevelopProperties) = preSolution
		StartupItem = Assembly-CSharp.csproj
	EndGlobalSection
EndGlobal
